// !$*UTF8*$!
{
	archiveVersion = 1;
	classes = {
	};
	objectVersion = 50;
	objects = {

/* Begin PBXBuildFile section */
		7168451725B0734D00A69674 /* CalendarViewApp.swift in Sources */ = {isa = PBXBuildFile; fileRef = 7168451625B0734D00A69674 /* CalendarViewApp.swift */; };
		7168451925B0734D00A69674 /* ContentView.swift in Sources */ = {isa = PBXBuildFile; fileRef = 7168451825B0734D00A69674 /* ContentView.swift */; };
		7168451B25B0734E00A69674 /* Assets.xcassets in Resources */ = {isa = PBXBuildFile; fileRef = 7168451A25B0734E00A69674 /* Assets.xcassets */; };
		7168451E25B0734E00A69674 /* Preview Assets.xcassets in Resources */ = {isa = PBXBuildFile; fileRef = 7168451D25B0734E00A69674 /* Preview Assets.xcassets */; };
		7168452725B0782200A69674 /* DateModelController.swift in Sources */ = {isa = PBXBuildFile; fileRef = 7168452625B0782200A69674 /* DateModelController.swift */; };
		7168452D25B07E6300A69674 /* DateModel.swift in Sources */ = {isa = PBXBuildFile; fileRef = 7168452C25B07E6300A69674 /* DateModel.swift */; };
/* End PBXBuildFile section */

/* Begin PBXFileReference section */
		7168451325B0734D00A69674 /* CalendarView.app */ = {isa = PBXFileReference; explicitFileType = wrapper.application; includeInIndex = 0; path = CalendarView.app; sourceTree = BUILT_PRODUCTS_DIR; };
		7168451625B0734D00A69674 /* CalendarViewApp.swift */ = {isa = PBXFileReference; lastKnownFileType = sourcecode.swift; path = CalendarViewApp.swift; sourceTree = "<group>"; };
		7168451825B0734D00A69674 /* ContentView.swift */ = {isa = PBXFileReference; lastKnownFileType = sourcecode.swift; path = ContentView.swift; sourceTree = "<group>"; };
		7168451A25B0734E00A69674 /* Assets.xcassets */ = {isa = PBXFileReference; lastKnownFileType = folder.assetcatalog; path = Assets.xcassets; sourceTree = "<group>"; };
		7168451D25B0734E00A69674 /* Preview Assets.xcassets */ = {isa = PBXFileReference; lastKnownFileType = folder.assetcatalog; path = "Preview Assets.xcassets"; sourceTree = "<group>"; };
		7168451F25B0734E00A69674 /* Info.plist */ = {isa = PBXFileReference; lastKnownFileType = text.plist.xml; path = Info.plist; sourceTree = "<group>"; };
		7168452625B0782200A69674 /* DateModelController.swift */ = {isa = PBXFileReference; lastKnownFileType = sourcecode.swift; path = DateModelController.swift; sourceTree = "<group>"; };
		7168452C25B07E6300A69674 /* DateModel.swift */ = {isa = PBXFileReference; lastKnownFileType = sourcecode.swift; path = DateModel.swift; sourceTree = "<group>"; };
/* End PBXFileReference section */

/* Begin PBXFrameworksBuildPhase section */
		7168451025B0734D00A69674 /* Frameworks */ = {
			isa = PBXFrameworksBuildPhase;
			buildActionMask = 2147483647;
			files = (
			);
			runOnlyForDeploymentPostprocessing = 0;
		};
/* End PBXFrameworksBuildPhase section */

/* Begin PBXGroup section */
		7168450A25B0734D00A69674 = {
			isa = PBXGroup;
			children = (
				7168451525B0734D00A69674 /* CalendarView */,
				7168451425B0734D00A69674 /* Products */,
			);
			sourceTree = "<group>";
		};
		7168451425B0734D00A69674 /* Products */ = {
			isa = PBXGroup;
			children = (
				7168451325B0734D00A69674 /* CalendarView.app */,
			);
			name = Products;
			sourceTree = "<group>";
		};
		7168451525B0734D00A69674 /* CalendarView */ = {
			isa = PBXGroup;
			children = (
				7168453225B083C000A69674 /* ViewModel */,
				7168453025B0838700A69674 /* View */,
				7168452B25B07E5200A69674 /* Model */,
				7168451625B0734D00A69674 /* CalendarViewApp.swift */,
				7168451A25B0734E00A69674 /* Assets.xcassets */,
				7168451F25B0734E00A69674 /* Info.plist */,
				7168451C25B0734E00A69674 /* Preview Content */,
			);
			path = CalendarView;
			sourceTree = "<group>";
		};
		7168451C25B0734E00A69674 /* Preview Content */ = {
			isa = PBXGroup;
			children = (
				7168451D25B0734E00A69674 /* Preview Assets.xcassets */,
			);
			path = "Preview Content";
			sourceTree = "<group>";
		};
		7168452B25B07E5200A69674 /* Model */ = {
			isa = PBXGroup;
			children = (
				7168452C25B07E6300A69674 /* DateModel.swift */,
			);
			path = Model;
			sourceTree = "<group>";
		};
		7168453025B0838700A69674 /* View */ = {
			isa = PBXGroup;
			children = (
				7168451825B0734D00A69674 /* ContentView.swift */,
			);
			path = View;
			sourceTree = "<group>";
		};
		7168453225B083C000A69674 /* ViewModel */ = {
			isa = PBXGroup;
			children = (
				7168452625B0782200A69674 /* DateModelController.swift */,
			);
			path = ViewModel;
			sourceTree = "<group>";
		};
/* End PBXGroup section */

/* Begin PBXNativeTarget section */
		7168451225B0734D00A69674 /* CalendarView */ = {
			isa = PBXNativeTarget;
			buildConfigurationList = 7168452225B0734E00A69674 /* Build configuration list for PBXNativeTarget "CalendarView" */;
			buildPhases = (
				7168450F25B0734D00A69674 /* Sources */,
				7168451025B0734D00A69674 /* Frameworks */,
				7168451125B0734D00A69674 /* Resources */,
			);
			buildRules = (
			);
			dependencies = (
			);
			name = CalendarView;
			productName = CalendarView;
			productReference = 7168451325B0734D00A69674 /* CalendarView.app */;
			productType = "com.apple.product-type.application";
		};
/* End PBXNativeTarget section */

/* Begin PBXProject section */
		7168450B25B0734D00A69674 /* Project object */ = {
			isa = PBXProject;
			attributes = {
				LastSwiftUpdateCheck = 1230;
				LastUpgradeCheck = 1230;
				TargetAttributes = {
					7168451225B0734D00A69674 = {
						CreatedOnToolsVersion = 12.3;
					};
				};
			};
			buildConfigurationList = 7168450E25B0734D00A69674 /* Build configuration list for PBXProject "CalendarView" */;
			compatibilityVersion = "Xcode 9.3";
			developmentRegion = en;
			hasScannedForEncodings = 0;
			knownRegions = (
				en,
				Base,
			);
			mainGroup = 7168450A25B0734D00A69674;
			productRefGroup = 7168451425B0734D00A69674 /* Products */;
			projectDirPath = "";
			projectRoot = "";
			targets = (
				7168451225B0734D00A69674 /* CalendarView */,
			);
		};
/* End PBXProject section */

/* Begin PBXResourcesBuildPhase section */
		7168451125B0734D00A69674 /* Resources */ = {
			isa = PBXResourcesBuildPhase;
			buildActionMask = 2147483647;
			files = (
				7168451E25B0734E00A69674 /* Preview Assets.xcassets in Resources */,
				7168451B25B0734E00A69674 /* Assets.xcassets in Resources */,
			);
			runOnlyForDeploymentPostprocessing = 0;
		};
/* End PBXResourcesBuildPhase section */

/* Begin PBXSourcesBuildPhase section */
		7168450F25B0734D00A69674 /* Sources */ = {
			isa = PBXSourcesBuildPhase;
			buildActionMask = 2147483647;
			files = (
				7168451925B0734D00A69674 /* ContentView.swift in Sources */,
				7168452D25B07E6300A69674 /* DateModel.swift in Sources */,
				7168452725B0782200A69674 /* DateModelController.swift in Sources */,
				7168451725B0734D00A69674 /* CalendarViewApp.swift in Sources */,
			);
			runOnlyForDeploymentPostprocessing = 0;
		};
/* End PBXSourcesBuildPhase section */

/* Begin XCBuildConfiguration section */
		7168452025B0734E00A69674 /* Debug */ = {
			isa = XCBuildConfiguration;
			buildSettings = {
				ALWAYS_SEARCH_USER_PATHS = NO;
				CLANG_ANALYZER_NONNULL = YES;
				CLANG_ANALYZER_NUMBER_OBJECT_CONVERSION = YES_AGGRESSIVE;
				CLANG_CXX_LANGUAGE_STANDARD = "gnu++14";
				CLANG_CXX_LIBRARY = "libc++";
				CLANG_ENABLE_MODULES = YES;
				CLANG_ENABLE_OBJC_ARC = YES;
				CLANG_ENABLE_OBJC_WEAK = YES;
				CLANG_WARN_BLOCK_CAPTURE_AUTORELEASING = YES;
				CLANG_WARN_BOOL_CONVERSION = YES;
				CLANG_WARN_COMMA = YES;
				CLANG_WARN_CONSTANT_CONVERSION = YES;
				CLANG_WARN_DEPRECATED_OBJC_IMPLEMENTATIONS = YES;
				CLANG_WARN_DIRECT_OBJC_ISA_USAGE = YES_ERROR;
				CLANG_WARN_DOCUMENTATION_COMMENTS = YES;
				CLANG_WARN_EMPTY_BODY = YES;
				CLANG_WARN_ENUM_CONVERSION = YES;
				CLANG_WARN_INFINITE_RECURSION = YES;
				CLANG_WARN_INT_CONVERSION = YES;
				CLANG_WARN_NON_LITERAL_NULL_CONVERSION = YES;
				CLANG_WARN_OBJC_IMPLICIT_RETAIN_SELF = YES;
				CLANG_WARN_OBJC_LITERAL_CONVERSION = YES;
				CLANG_WARN_OBJC_ROOT_CLASS = YES_ERROR;
				CLANG_WARN_QUOTED_INCLUDE_IN_FRAMEWORK_HEADER = YES;
				CLANG_WARN_RANGE_LOOP_ANALYSIS = YES;
				CLANG_WARN_STRICT_PROTOTYPES = YES;
				CLANG_WARN_SUSPICIOUS_MOVE = YES;
				CLANG_WARN_UNGUARDED_AVAILABILITY = YES_AGGRESSIVE;
				CLANG_WARN_UNREACHABLE_CODE = YES;
				CLANG_WARN__DUPLICATE_METHOD_MATCH = YES;
				COPY_PHASE_STRIP = NO;
				DEBUG_INFORMATION_FORMAT = dwarf;
				ENABLE_STRICT_OBJC_MSGSEND = YES;
				ENABLE_TESTABILITY = YES;
				GCC_C_LANGUAGE_STANDARD = gnu11;
				GCC_DYNAMIC_NO_PIC = NO;
				GCC_NO_COMMON_BLOCKS = YES;
				GCC_OPTIMIZATION_LEVEL = 0;
				GCC_PREPROCESSOR_DEFINITIONS = (
					"DEBUG=1",
					"$(inherited)",
				);
				GCC_WARN_64_TO_32_BIT_CONVERSION = YES;
				GCC_WARN_ABOUT_RETURN_TYPE = YES_ERROR;
				GCC_WARN_UNDECLARED_SELECTOR = YES;
				GCC_WARN_UNINITIALIZED_AUTOS = YES_AGGRESSIVE;
				GCC_WARN_UNUSED_FUNCTION = YES;
				GCC_WARN_UNUSED_VARIABLE = YES;
				IPHONEOS_DEPLOYMENT_TARGET = 14.3;
				MTL_ENABLE_DEBUG_INFO = INCLUDE_SOURCE;
				MTL_FAST_MATH = YES;
				ONLY_ACTIVE_ARCH = YES;
				SDKROOT = iphoneos;
				SWIFT_ACTIVE_COMPILATION_CONDITIONS = DEBUG;
				SWIFT_OPTIMIZATION_LEVEL = "-Onone";
			};
			name = Debug;
		};
		7168452125B0734E00A69674 /* Release */ = {
			isa = XCBuildConfiguration;
			buildSettings = {
				ALWAYS_SEARCH_USER_PATHS = NO;
				CLANG_ANALYZER_NONNULL = YES;
				CLANG_ANALYZER_NUMBER_OBJECT_CONVERSION = YES_AGGRESSIVE;
				CLANG_CXX_LANGUAGE_STANDARD = "gnu++14";
				CLANG_CXX_LIBRARY = "libc++";
				CLANG_ENABLE_MODULES = YES;
				CLANG_ENABLE_OBJC_ARC = YES;
				CLANG_ENABLE_OBJC_WEAK = YES;
				CLANG_WARN_BLOCK_CAPTURE_AUTORELEASING = YES;
				CLANG_WARN_BOOL_CONVERSION = YES;
				CLANG_WARN_COMMA = YES;
				CLANG_WARN_CONSTANT_CONVERSION = YES;
				CLANG_WARN_DEPRECATED_OBJC_IMPLEMENTATIONS = YES;
				CLANG_WARN_DIRECT_OBJC_ISA_USAGE = YES_ERROR;
				CLANG_WARN_DOCUMENTATION_COMMENTS = YES;
				CLANG_WARN_EMPTY_BODY = YES;
				CLANG_WARN_ENUM_CONVERSION = YES;
				CLANG_WARN_INFINITE_RECURSION = YES;
				CLANG_WARN_INT_CONVERSION = YES;
				CLANG_WARN_NON_LITERAL_NULL_CONVERSION = YES;
				CLANG_WARN_OBJC_IMPLICIT_RETAIN_SELF = YES;
				CLANG_WARN_OBJC_LITERAL_CONVERSION = YES;
				CLANG_WARN_OBJC_ROOT_CLASS = YES_ERROR;
				CLANG_WARN_QUOTED_INCLUDE_IN_FRAMEWORK_HEADER = YES;
				CLANG_WARN_RANGE_LOOP_ANALYSIS = YES;
				CLANG_WARN_STRICT_PROTOTYPES = YES;
				CLANG_WARN_SUSPICIOUS_MOVE = YES;
				CLANG_WARN_UNGUARDED_AVAILABILITY = YES_AGGRESSIVE;
				CLANG_WARN_UNREACHABLE_CODE = YES;
				CLANG_WARN__DUPLICATE_METHOD_MATCH = YES;
				COPY_PHASE_STRIP = NO;
				DEBUG_INFORMATION_FORMAT = "dwarf-with-dsym";
				ENABLE_NS_ASSERTIONS = NO;
				ENABLE_STRICT_OBJC_MSGSEND = YES;
				GCC_C_LANGUAGE_STANDARD = gnu11;
				GCC_NO_COMMON_BLOCKS = YES;
				GCC_WARN_64_TO_32_BIT_CONVERSION = YES;
				GCC_WARN_ABOUT_RETURN_TYPE = YES_ERROR;
				GCC_WARN_UNDECLARED_SELECTOR = YES;
				GCC_WARN_UNINITIALIZED_AUTOS = YES_AGGRESSIVE;
				GCC_WARN_UNUSED_FUNCTION = YES;
				GCC_WARN_UNUSED_VARIABLE = YES;
				IPHONEOS_DEPLOYMENT_TARGET = 14.3;
				MTL_ENABLE_DEBUG_INFO = NO;
				MTL_FAST_MATH = YES;
				SDKROOT = iphoneos;
				SWIFT_COMPILATION_MODE = wholemodule;
				SWIFT_OPTIMIZATION_LEVEL = "-O";
				VALIDATE_PRODUCT = YES;
			};
			name = Release;
		};
		7168452325B0734E00A69674 /* Debug */ = {
			isa = XCBuildConfiguration;
			buildSettings = {
				ASSETCATALOG_COMPILER_APPICON_NAME = AppIcon;
				ASSETCATALOG_COMPILER_GLOBAL_ACCENT_COLOR_NAME = AccentColor;
				CODE_SIGN_STYLE = Automatic;
				DEVELOPMENT_ASSET_PATHS = "\"CalendarView/Preview Content\"";
				DEVELOPMENT_TEAM = HV289Y8V97;
				ENABLE_PREVIEWS = YES;
				INFOPLIST_FILE = CalendarView/Info.plist;
				IPHONEOS_DEPLOYMENT_TARGET = 14.0;
				LD_RUNPATH_SEARCH_PATHS = (
					"$(inherited)",
					"@executable_path/Frameworks",
				);
				PRODUCT_BUNDLE_IDENTIFIER = com.gustavo.demo.CalendarView;
				PRODUCT_NAME = "$(TARGET_NAME)";
				SWIFT_VERSION = 5.0;
				TARGETED_DEVICE_FAMILY = "1,2";
			};
			name = Debug;
		};
		7168452425B0734E00A69674 /* Release */ = {
			isa = XCBuildConfiguration;
			buildSettings = {
				ASSETCATALOG_COMPILER_APPICON_NAME = AppIcon;
				ASSETCATALOG_COMPILER_GLOBAL_ACCENT_COLOR_NAME = AccentColor;
				CODE_SIGN_STYLE = Automatic;
				DEVELOPMENT_ASSET_PATHS = "\"CalendarView/Preview Content\"";
				DEVELOPMENT_TEAM = HV289Y8V97;
				ENABLE_PREVIEWS = YES;
				INFOPLIST_FILE = CalendarView/Info.plist;
				IPHONEOS_DEPLOYMENT_TARGET = 14.0;
				LD_RUNPATH_SEARCH_PATHS = (
					"$(inherited)",
					"@executable_path/Frameworks",
				);
				PRODUCT_BUNDLE_IDENTIFIER = com.gustavo.demo.CalendarView;
				PRODUCT_NAME = "$(TARGET_NAME)";
				SWIFT_VERSION = 5.0;
				TARGETED_DEVICE_FAMILY = "1,2";
			};
			name = Release;
		};
/* End XCBuildConfiguration section */

/* Begin XCConfigurationList section */
		7168450E25B0734D00A69674 /* Build configuration list for PBXProject "CalendarView" */ = {
			isa = XCConfigurationList;
			buildConfigurations = (
				7168452025B0734E00A69674 /* Debug */,
				7168452125B0734E00A69674 /* Release */,
			);
			defaultConfigurationIsVisible = 0;
			defaultConfigurationName = Release;
		};
		7168452225B0734E00A69674 /* Build configuration list for PBXNativeTarget "CalendarView" */ = {
			isa = XCConfigurationList;
			buildConfigurations = (
				7168452325B0734E00A69674 /* Debug */,
				7168452425B0734E00A69674 /* Release */,
			);
			defaultConfigurationIsVisible = 0;
			defaultConfigurationName = Release;
		};
/* End XCConfigurationList section */
	};
	rootObject = 7168450B25B0734D00A69674 /* Project object */;
}
